
Microsoft Visual Studio Solution File, Format Version 12.00
# Visual Studio Version 17
VisualStudioVersion = 17.14.36429.23 d17.14
MinimumVisualStudioVersion = 10.0.40219.1
Project("{2150E333-8FDC-42A3-9474-1A3956D46DE8}") = "Task0", "Task0", "{02EA681E-C7D8-13C7-8484-4AC65E1B71E8}"
EndProject
Project("{FAE04EC0-301F-11D3-BF4B-00C04F79EFBC}") = "Tyuiu.PlatonovMV.Sprint4.Task0.V18.Lib", "Tyuiu.PlatonovMV.Sprint4.Task0.V18.Lib\Tyuiu.PlatonovMV.Sprint4.Task0.V18.Lib.csproj", "{1E6E1AED-41EA-42BA-A16B-2D25A9A8027C}"
EndProject
Project("{FAE04EC0-301F-11D3-BF4B-00C04F79EFBC}") = "Tyuiu.PlatonovMV.Sprint4.Task0.V18", "Tyuiu.PlatonovMV.Sprint4.Task0.V18\Tyuiu.PlatonovMV.Sprint4.Task0.V18.csproj", "{359B3677-2B65-4815-9CE7-18D4EFFB7E31}"
EndProject
Project("{FAE04EC0-301F-11D3-BF4B-00C04F79EFBC}") = "Tyuiu.PlatonovMV.Sprint4.Task0.V18.Test", "Tyuiu.PlatonovMV.Sprint4.Task0.V18.Test\Tyuiu.PlatonovMV.Sprint4.Task0.V18.Test.csproj", "{11073A8B-605A-43DF-A38F-43E94F0ABD2A}"
EndProject
Project("{2150E333-8FDC-42A3-9474-1A3956D46DE8}") = "Task1", "Task1", "{75B3152B-6366-41B0-A287-9B73C6549E2C}"
EndProject
Project("{FAE04EC0-301F-11D3-BF4B-00C04F79EFBC}") = "Tyuiu.PlatonovMV.Sprint4.Task1.V18", "Tyuiu.PlatonovMV.Sprint4.Task1.V18\Tyuiu.PlatonovMV.Sprint4.Task1.V18.csproj", "{82076B07-B833-4968-98B9-187A9A3DB4DE}"
EndProject
Project("{FAE04EC0-301F-11D3-BF4B-00C04F79EFBC}") = "Tyuiu.PlatonovMV.Sprint4.Task1.V18.Test", "Tyuiu.PlatonovMV.Sprint4.Task1.V18.Test\Tyuiu.PlatonovMV.Sprint4.Task1.V18.Test.csproj", "{191A1F9F-A882-441B-9455-414DA36886E7}"
EndProject
Project("{FAE04EC0-301F-11D3-BF4B-00C04F79EFBC}") = "Tyuiu.PlatonovMV.Sprint4.Task1.V18.Lib", "Tyuiu.PlatonovMV.Sprint4.Task1.V18.Lib\Tyuiu.PlatonovMV.Sprint4.Task1.V18.Lib.csproj", "{848D3B0E-0C3F-49E1-968C-B39488F60B4D}"
EndProject
Project("{2150E333-8FDC-42A3-9474-1A3956D46DE8}") = "Task2", "Task2", "{F2CACAE2-EC05-4A73-8722-F1ABDC462722}"
EndProject
Project("{FAE04EC0-301F-11D3-BF4B-00C04F79EFBC}") = "Tyuiu.PlatonovMV.Sprint4.Task2.V4.Lib", "Tyuiu.PlatonovMV.Sprint4.Task2.V4.Lib\Tyuiu.PlatonovMV.Sprint4.Task2.V4.Lib.csproj", "{82F885BD-FA77-48B6-A0AB-819764F39E61}"
EndProject
Project("{FAE04EC0-301F-11D3-BF4B-00C04F79EFBC}") = "Tyuiu.PlatonovMV.Sprint4.Task2.V4.Test", "Tyuiu.PlatonovMV.Sprint4.Task2.V4.Test\Tyuiu.PlatonovMV.Sprint4.Task2.V4.Test.csproj", "{FA632DD2-1F47-417C-9020-FA570041553B}"
EndProject
Project("{FAE04EC0-301F-11D3-BF4B-00C04F79EFBC}") = "Tyuiu.PlatonovMV.Sprint4.Task2.V4", "Tyuiu.PlatonovMV.Sprint4.Task2.V4\Tyuiu.PlatonovMV.Sprint4.Task2.V4.csproj", "{6F0882D8-B6B0-4E6A-9D55-F95818F17A2A}"
EndProject
Project("{2150E333-8FDC-42A3-9474-1A3956D46DE8}") = "Task3", "Task3", "{C6C44906-C79E-4AE3-A874-2B02EFA17586}"
EndProject
Project("{FAE04EC0-301F-11D3-BF4B-00C04F79EFBC}") = "Tyuiu.PlatonovMV.Sprint4.Task3.V19.Lib", "Tyuiu.PlatonovMV.Sprint4.Task3.V19.Lib\Tyuiu.PlatonovMV.Sprint4.Task3.V19.Lib.csproj", "{91C3F384-B449-4CCB-8889-D90F67F36C14}"
EndProject
Project("{FAE04EC0-301F-11D3-BF4B-00C04F79EFBC}") = "Tyuiu.PlatonovMV.Sprint4.Task3.V19.Test", "Tyuiu.PlatonovMV.Sprint4.Task3.V19.Test\Tyuiu.PlatonovMV.Sprint4.Task3.V19.Test.csproj", "{A2A52248-7740-4891-8E73-89FA42A1B34B}"
EndProject
Project("{FAE04EC0-301F-11D3-BF4B-00C04F79EFBC}") = "Tyuiu.PlatonovMV.Sprint4.Task3.V19", "Tyuiu.PlatonovMV.Sprint4.Task3.V19\Tyuiu.PlatonovMV.Sprint4.Task3.V19.csproj", "{9EA9FA69-4EC7-4115-BD68-78E189D6D7E3}"
EndProject
Project("{2150E333-8FDC-42A3-9474-1A3956D46DE8}") = "Task4", "Task4", "{3179A820-5CF9-4E04-8513-D42BCE753537}"
EndProject
Project("{FAE04EC0-301F-11D3-BF4B-00C04F79EFBC}") = "Tyuiu.PlatonovMV.Sprint4.Task4.V21.Lib", "Tyuiu.PlatonovMV.Sprint4.Task4.V21.Lib\Tyuiu.PlatonovMV.Sprint4.Task4.V21.Lib.csproj", "{89F20319-B7E4-4E25-8719-F624E09CD209}"
EndProject
Project("{FAE04EC0-301F-11D3-BF4B-00C04F79EFBC}") = "Tyuiu.PlatonovMV.Sprint4.Task4.V21", "Tyuiu.PlatonovMV.Sprint4.Task4.V21\Tyuiu.PlatonovMV.Sprint4.Task4.V21.csproj", "{2B575D15-8998-495A-B7E6-FC35D5836846}"
EndProject
Project("{FAE04EC0-301F-11D3-BF4B-00C04F79EFBC}") = "Tyuiu.PlatonovMV.Sprint4.Task4.V21.Test", "Tyuiu.PlatonovMV.Sprint4.Task4.V21.Test\Tyuiu.PlatonovMV.Sprint4.Task4.V21.Test.csproj", "{2CB4D5CF-EB10-4DBE-94F1-9154AC5F78E8}"
EndProject
Project("{2150E333-8FDC-42A3-9474-1A3956D46DE8}") = "Task5", "Task5", "{3755ACD9-596F-46A8-9FAE-F0150ADBCB85}"
EndProject
Project("{FAE04EC0-301F-11D3-BF4B-00C04F79EFBC}") = "Tyuiu.PlatonovMV.Sprint4.Task5.V10.Lib", "Tyuiu.PlatonovMV.Sprint4.Task5.V10.Lib\Tyuiu.PlatonovMV.Sprint4.Task5.V10.Lib.csproj", "{9C7FD2D9-13A9-4306-BD46-B37B37679365}"
EndProject
Project("{FAE04EC0-301F-11D3-BF4B-00C04F79EFBC}") = "Tyuiu.PlatonovMV.Sprint4.Task5.V10.Test", "Tyuiu.PlatonovMV.Sprint4.Task5.V10.Test\Tyuiu.PlatonovMV.Sprint4.Task5.V10.Test.csproj", "{2000D28F-C200-4735-BE44-61A887E2CD92}"
EndProject
Project("{FAE04EC0-301F-11D3-BF4B-00C04F79EFBC}") = "Tyuiu.PlatonovMV.Sprint4.Task5.V10", "Tyuiu.PlatonovMV.Sprint4.Task5.V10\Tyuiu.PlatonovMV.Sprint4.Task5.V10.csproj", "{E058951C-3C8E-4019-9521-355D14F80520}"
EndProject
Project("{2150E333-8FDC-42A3-9474-1A3956D46DE8}") = "Task6", "Task6", "{3D6544D2-A58A-40D5-8A3D-01AA008C36C6}"
EndProject
Project("{FAE04EC0-301F-11D3-BF4B-00C04F79EFBC}") = "Tyuiu.PlatonovMV.Sprint4.Task6.V28.Lib", "Tyuiu.PlatonovMV.Sprint4.Task6.V28.Lib\Tyuiu.PlatonovMV.Sprint4.Task6.V28.Lib.csproj", "{C32328F4-980C-41F4-ACFC-8EC70BE122B0}"
EndProject
Project("{FAE04EC0-301F-11D3-BF4B-00C04F79EFBC}") = "Tyuiu.PlatonovMV.Sprint4.Task6.V28", "Tyuiu.PlatonovMV.Sprint4.Task6.V28\Tyuiu.PlatonovMV.Sprint4.Task6.V28.csproj", "{FDB985C1-9AD0-4A3E-826A-D17903196580}"
EndProject
Project("{FAE04EC0-301F-11D3-BF4B-00C04F79EFBC}") = "Tyuiu.PlatonovMV.Sprint4.Task6.V28.Test", "Tyuiu.PlatonovMV.Sprint4.Task6.V28.Test\Tyuiu.PlatonovMV.Sprint4.Task6.V28.Test.csproj", "{124E71B6-577A-4E26-9E36-47CCFF7FC616}"
EndProject
Global
	GlobalSection(SolutionConfigurationPlatforms) = preSolution
		Debug|Any CPU = Debug|Any CPU
		Release|Any CPU = Release|Any CPU
	EndGlobalSection
	GlobalSection(ProjectConfigurationPlatforms) = postSolution
		{1E6E1AED-41EA-42BA-A16B-2D25A9A8027C}.Debug|Any CPU.ActiveCfg = Debug|Any CPU
		{1E6E1AED-41EA-42BA-A16B-2D25A9A8027C}.Debug|Any CPU.Build.0 = Debug|Any CPU
		{1E6E1AED-41EA-42BA-A16B-2D25A9A8027C}.Release|Any CPU.ActiveCfg = Release|Any CPU
		{1E6E1AED-41EA-42BA-A16B-2D25A9A8027C}.Release|Any CPU.Build.0 = Release|Any CPU
		{359B3677-2B65-4815-9CE7-18D4EFFB7E31}.Debug|Any CPU.ActiveCfg = Debug|Any CPU
		{359B3677-2B65-4815-9CE7-18D4EFFB7E31}.Debug|Any CPU.Build.0 = Debug|Any CPU
		{359B3677-2B65-4815-9CE7-18D4EFFB7E31}.Release|Any CPU.ActiveCfg = Release|Any CPU
		{359B3677-2B65-4815-9CE7-18D4EFFB7E31}.Release|Any CPU.Build.0 = Release|Any CPU
		{11073A8B-605A-43DF-A38F-43E94F0ABD2A}.Debug|Any CPU.ActiveCfg = Debug|Any CPU
		{11073A8B-605A-43DF-A38F-43E94F0ABD2A}.Debug|Any CPU.Build.0 = Debug|Any CPU
		{11073A8B-605A-43DF-A38F-43E94F0ABD2A}.Release|Any CPU.ActiveCfg = Release|Any CPU
		{11073A8B-605A-43DF-A38F-43E94F0ABD2A}.Release|Any CPU.Build.0 = Release|Any CPU
		{82076B07-B833-4968-98B9-187A9A3DB4DE}.Debug|Any CPU.ActiveCfg = Debug|Any CPU
		{82076B07-B833-4968-98B9-187A9A3DB4DE}.Debug|Any CPU.Build.0 = Debug|Any CPU
		{82076B07-B833-4968-98B9-187A9A3DB4DE}.Release|Any CPU.ActiveCfg = Release|Any CPU
		{82076B07-B833-4968-98B9-187A9A3DB4DE}.Release|Any CPU.Build.0 = Release|Any CPU
		{191A1F9F-A882-441B-9455-414DA36886E7}.Debug|Any CPU.ActiveCfg = Debug|Any CPU
		{191A1F9F-A882-441B-9455-414DA36886E7}.Debug|Any CPU.Build.0 = Debug|Any CPU
		{191A1F9F-A882-441B-9455-414DA36886E7}.Release|Any CPU.ActiveCfg = Release|Any CPU
		{191A1F9F-A882-441B-9455-414DA36886E7}.Release|Any CPU.Build.0 = Release|Any CPU
		{848D3B0E-0C3F-49E1-968C-B39488F60B4D}.Debug|Any CPU.ActiveCfg = Debug|Any CPU
		{848D3B0E-0C3F-49E1-968C-B39488F60B4D}.Debug|Any CPU.Build.0 = Debug|Any CPU
		{848D3B0E-0C3F-49E1-968C-B39488F60B4D}.Release|Any CPU.ActiveCfg = Release|Any CPU
		{848D3B0E-0C3F-49E1-968C-B39488F60B4D}.Release|Any CPU.Build.0 = Release|Any CPU
		{82F885BD-FA77-48B6-A0AB-819764F39E61}.Debug|Any CPU.ActiveCfg = Debug|Any CPU
		{82F885BD-FA77-48B6-A0AB-819764F39E61}.Debug|Any CPU.Build.0 = Debug|Any CPU
		{82F885BD-FA77-48B6-A0AB-819764F39E61}.Release|Any CPU.ActiveCfg = Release|Any CPU
		{82F885BD-FA77-48B6-A0AB-819764F39E61}.Release|Any CPU.Build.0 = Release|Any CPU
		{FA632DD2-1F47-417C-9020-FA570041553B}.Debug|Any CPU.ActiveCfg = Debug|Any CPU
		{FA632DD2-1F47-417C-9020-FA570041553B}.Debug|Any CPU.Build.0 = Debug|Any CPU
		{FA632DD2-1F47-417C-9020-FA570041553B}.Release|Any CPU.ActiveCfg = Release|Any CPU
		{FA632DD2-1F47-417C-9020-FA570041553B}.Release|Any CPU.Build.0 = Release|Any CPU
		{6F0882D8-B6B0-4E6A-9D55-F95818F17A2A}.Debug|Any CPU.ActiveCfg = Debug|Any CPU
		{6F0882D8-B6B0-4E6A-9D55-F95818F17A2A}.Debug|Any CPU.Build.0 = Debug|Any CPU
		{6F0882D8-B6B0-4E6A-9D55-F95818F17A2A}.Release|Any CPU.ActiveCfg = Release|Any CPU
		{6F0882D8-B6B0-4E6A-9D55-F95818F17A2A}.Release|Any CPU.Build.0 = Release|Any CPU
		{91C3F384-B449-4CCB-8889-D90F67F36C14}.Debug|Any CPU.ActiveCfg = Debug|Any CPU
		{91C3F384-B449-4CCB-8889-D90F67F36C14}.Debug|Any CPU.Build.0 = Debug|Any CPU
		{91C3F384-B449-4CCB-8889-D90F67F36C14}.Release|Any CPU.ActiveCfg = Release|Any CPU
		{91C3F384-B449-4CCB-8889-D90F67F36C14}.Release|Any CPU.Build.0 = Release|Any CPU
		{A2A52248-7740-4891-8E73-89FA42A1B34B}.Debug|Any CPU.ActiveCfg = Debug|Any CPU
		{A2A52248-7740-4891-8E73-89FA42A1B34B}.Debug|Any CPU.Build.0 = Debug|Any CPU
		{A2A52248-7740-4891-8E73-89FA42A1B34B}.Release|Any CPU.ActiveCfg = Release|Any CPU
		{A2A52248-7740-4891-8E73-89FA42A1B34B}.Release|Any CPU.Build.0 = Release|Any CPU
		{9EA9FA69-4EC7-4115-BD68-78E189D6D7E3}.Debug|Any CPU.ActiveCfg = Debug|Any CPU
		{9EA9FA69-4EC7-4115-BD68-78E189D6D7E3}.Debug|Any CPU.Build.0 = Debug|Any CPU
		{9EA9FA69-4EC7-4115-BD68-78E189D6D7E3}.Release|Any CPU.ActiveCfg = Release|Any CPU
		{9EA9FA69-4EC7-4115-BD68-78E189D6D7E3}.Release|Any CPU.Build.0 = Release|Any CPU
		{89F20319-B7E4-4E25-8719-F624E09CD209}.Debug|Any CPU.ActiveCfg = Debug|Any CPU
		{89F20319-B7E4-4E25-8719-F624E09CD209}.Debug|Any CPU.Build.0 = Debug|Any CPU
		{89F20319-B7E4-4E25-8719-F624E09CD209}.Release|Any CPU.ActiveCfg = Release|Any CPU
		{89F20319-B7E4-4E25-8719-F624E09CD209}.Release|Any CPU.Build.0 = Release|Any CPU
		{2B575D15-8998-495A-B7E6-FC35D5836846}.Debug|Any CPU.ActiveCfg = Debug|Any CPU
		{2B575D15-8998-495A-B7E6-FC35D5836846}.Debug|Any CPU.Build.0 = Debug|Any CPU
		{2B575D15-8998-495A-B7E6-FC35D5836846}.Release|Any CPU.ActiveCfg = Release|Any CPU
		{2B575D15-8998-495A-B7E6-FC35D5836846}.Release|Any CPU.Build.0 = Release|Any CPU
		{2CB4D5CF-EB10-4DBE-94F1-9154AC5F78E8}.Debug|Any CPU.ActiveCfg = Debug|Any CPU
		{2CB4D5CF-EB10-4DBE-94F1-9154AC5F78E8}.Debug|Any CPU.Build.0 = Debug|Any CPU
		{2CB4D5CF-EB10-4DBE-94F1-9154AC5F78E8}.Release|Any CPU.ActiveCfg = Release|Any CPU
		{2CB4D5CF-EB10-4DBE-94F1-9154AC5F78E8}.Release|Any CPU.Build.0 = Release|Any CPU
		{9C7FD2D9-13A9-4306-BD46-B37B37679365}.Debug|Any CPU.ActiveCfg = Debug|Any CPU
		{9C7FD2D9-13A9-4306-BD46-B37B37679365}.Debug|Any CPU.Build.0 = Debug|Any CPU
		{9C7FD2D9-13A9-4306-BD46-B37B37679365}.Release|Any CPU.ActiveCfg = Release|Any CPU
		{9C7FD2D9-13A9-4306-BD46-B37B37679365}.Release|Any CPU.Build.0 = Release|Any CPU
		{2000D28F-C200-4735-BE44-61A887E2CD92}.Debug|Any CPU.ActiveCfg = Debug|Any CPU
		{2000D28F-C200-4735-BE44-61A887E2CD92}.Debug|Any CPU.Build.0 = Debug|Any CPU
		{2000D28F-C200-4735-BE44-61A887E2CD92}.Release|Any CPU.ActiveCfg = Release|Any CPU
		{2000D28F-C200-4735-BE44-61A887E2CD92}.Release|Any CPU.Build.0 = Release|Any CPU
		{E058951C-3C8E-4019-9521-355D14F80520}.Debug|Any CPU.ActiveCfg = Debug|Any CPU
		{E058951C-3C8E-4019-9521-355D14F80520}.Debug|Any CPU.Build.0 = Debug|Any CPU
		{E058951C-3C8E-4019-9521-355D14F80520}.Release|Any CPU.ActiveCfg = Release|Any CPU
		{E058951C-3C8E-4019-9521-355D14F80520}.Release|Any CPU.Build.0 = Release|Any CPU
		{C32328F4-980C-41F4-ACFC-8EC70BE122B0}.Debug|Any CPU.ActiveCfg = Debug|Any CPU
		{C32328F4-980C-41F4-ACFC-8EC70BE122B0}.Debug|Any CPU.Build.0 = Debug|Any CPU
		{C32328F4-980C-41F4-ACFC-8EC70BE122B0}.Release|Any CPU.ActiveCfg = Release|Any CPU
		{C32328F4-980C-41F4-ACFC-8EC70BE122B0}.Release|Any CPU.Build.0 = Release|Any CPU
		{FDB985C1-9AD0-4A3E-826A-D17903196580}.Debug|Any CPU.ActiveCfg = Debug|Any CPU
		{FDB985C1-9AD0-4A3E-826A-D17903196580}.Debug|Any CPU.Build.0 = Debug|Any CPU
		{FDB985C1-9AD0-4A3E-826A-D17903196580}.Release|Any CPU.ActiveCfg = Release|Any CPU
		{FDB985C1-9AD0-4A3E-826A-D17903196580}.Release|Any CPU.Build.0 = Release|Any CPU
		{124E71B6-577A-4E26-9E36-47CCFF7FC616}.Debug|Any CPU.ActiveCfg = Debug|Any CPU
		{124E71B6-577A-4E26-9E36-47CCFF7FC616}.Debug|Any CPU.Build.0 = Debug|Any CPU
		{124E71B6-577A-4E26-9E36-47CCFF7FC616}.Release|Any CPU.ActiveCfg = Release|Any CPU
		{124E71B6-577A-4E26-9E36-47CCFF7FC616}.Release|Any CPU.Build.0 = Release|Any CPU
	EndGlobalSection
	GlobalSection(SolutionProperties) = preSolution
		HideSolutionNode = FALSE
	EndGlobalSection
	GlobalSection(NestedProjects) = preSolution
		{1E6E1AED-41EA-42BA-A16B-2D25A9A8027C} = {02EA681E-C7D8-13C7-8484-4AC65E1B71E8}
		{359B3677-2B65-4815-9CE7-18D4EFFB7E31} = {02EA681E-C7D8-13C7-8484-4AC65E1B71E8}
		{11073A8B-605A-43DF-A38F-43E94F0ABD2A} = {02EA681E-C7D8-13C7-8484-4AC65E1B71E8}
		{82076B07-B833-4968-98B9-187A9A3DB4DE} = {75B3152B-6366-41B0-A287-9B73C6549E2C}
		{191A1F9F-A882-441B-9455-414DA36886E7} = {75B3152B-6366-41B0-A287-9B73C6549E2C}
		{848D3B0E-0C3F-49E1-968C-B39488F60B4D} = {75B3152B-6366-41B0-A287-9B73C6549E2C}
		{82F885BD-FA77-48B6-A0AB-819764F39E61} = {F2CACAE2-EC05-4A73-8722-F1ABDC462722}
		{FA632DD2-1F47-417C-9020-FA570041553B} = {F2CACAE2-EC05-4A73-8722-F1ABDC462722}
		{6F0882D8-B6B0-4E6A-9D55-F95818F17A2A} = {F2CACAE2-EC05-4A73-8722-F1ABDC462722}
		{91C3F384-B449-4CCB-8889-D90F67F36C14} = {C6C44906-C79E-4AE3-A874-2B02EFA17586}
		{A2A52248-7740-4891-8E73-89FA42A1B34B} = {C6C44906-C79E-4AE3-A874-2B02EFA17586}
		{9EA9FA69-4EC7-4115-BD68-78E189D6D7E3} = {C6C44906-C79E-4AE3-A874-2B02EFA17586}
		{89F20319-B7E4-4E25-8719-F624E09CD209} = {3179A820-5CF9-4E04-8513-D42BCE753537}
		{2B575D15-8998-495A-B7E6-FC35D5836846} = {3179A820-5CF9-4E04-8513-D42BCE753537}
		{2CB4D5CF-EB10-4DBE-94F1-9154AC5F78E8} = {3179A820-5CF9-4E04-8513-D42BCE753537}
		{9C7FD2D9-13A9-4306-BD46-B37B37679365} = {3755ACD9-596F-46A8-9FAE-F0150ADBCB85}
		{2000D28F-C200-4735-BE44-61A887E2CD92} = {3755ACD9-596F-46A8-9FAE-F0150ADBCB85}
		{E058951C-3C8E-4019-9521-355D14F80520} = {3755ACD9-596F-46A8-9FAE-F0150ADBCB85}
		{C32328F4-980C-41F4-ACFC-8EC70BE122B0} = {3D6544D2-A58A-40D5-8A3D-01AA008C36C6}
		{FDB985C1-9AD0-4A3E-826A-D17903196580} = {3D6544D2-A58A-40D5-8A3D-01AA008C36C6}
		{124E71B6-577A-4E26-9E36-47CCFF7FC616} = {3D6544D2-A58A-40D5-8A3D-01AA008C36C6}
	EndGlobalSection
	GlobalSection(ExtensibilityGlobals) = postSolution
		SolutionGuid = {A70127DA-9D36-46C8-9C4E-EE881FBE2AE6}
	EndGlobalSection
EndGlobal
